
Microsoft Visual Studio Solution File, Format Version 12.00
# Visual Studio Version 17
VisualStudioVersion = 17.0.32014.148
MinimumVisualStudioVersion = 10.0.40219.1
Project("{FAE04EC0-301F-11D3-BF4B-00C04F79EFBC}") = "Csharp_homework_13", "Csharp_homework_13\Csharp_homework_13.csproj", "{9CC0F9E7-EC36-439E-91F8-82DAFF31D165}"
EndProject
Global
	GlobalSection(SolutionConfigurationPlatforms) = preSolution
		Debug|Any CPU = Debug|Any CPU
		Release|Any CPU = Release|Any CPU
	EndGlobalSection
	GlobalSection(ProjectConfigurationPlatforms) = postSolution
		{9CC0F9E7-EC36-439E-91F8-82DAFF31D165}.Debug|Any CPU.ActiveCfg = Debug|Any CPU
		{9CC0F9E7-EC36-439E-91F8-82DAFF31D165}.Debug|Any CPU.Build.0 = Debug|Any CPU
		{9CC0F9E7-EC36-439E-91F8-82DAFF31D165}.Release|Any CPU.ActiveCfg = Release|Any CPU
		{9CC0F9E7-EC36-439E-91F8-82DAFF31D165}.Release|Any CPU.Build.0 = Release|Any CPU
	EndGlobalSection
	GlobalSection(SolutionProperties) = preSolution
		HideSolutionNode = FALSE
	EndGlobalSection
	GlobalSection(ExtensibilityGlobals) = postSolution
		SolutionGuid = {C5DF35DF-6119-4ABC-8410-7DE9C2891A41}
	EndGlobalSection
EndGlobal
