
Microsoft Visual Studio Solution File, Format Version 12.00
# Visual Studio Version 17
VisualStudioVersion = 17.0.32014.148
MinimumVisualStudioVersion = 10.0.40219.1
Project("{FAE04EC0-301F-11D3-BF4B-00C04F79EFBC}") = "SessizHarf", "SessizHarf\SessizHarf.csproj", "{4E8C3ED5-A42A-4F07-BEF2-E2606C3DB440}"
EndProject
Global
	GlobalSection(SolutionConfigurationPlatforms) = preSolution
		Debug|Any CPU = Debug|Any CPU
		Release|Any CPU = Release|Any CPU
	EndGlobalSection
	GlobalSection(ProjectConfigurationPlatforms) = postSolution
		{4E8C3ED5-A42A-4F07-BEF2-E2606C3DB440}.Debug|Any CPU.ActiveCfg = Debug|Any CPU
		{4E8C3ED5-A42A-4F07-BEF2-E2606C3DB440}.Debug|Any CPU.Build.0 = Debug|Any CPU
		{4E8C3ED5-A42A-4F07-BEF2-E2606C3DB440}.Release|Any CPU.ActiveCfg = Release|Any CPU
		{4E8C3ED5-A42A-4F07-BEF2-E2606C3DB440}.Release|Any CPU.Build.0 = Release|Any CPU
	EndGlobalSection
	GlobalSection(SolutionProperties) = preSolution
		HideSolutionNode = FALSE
	EndGlobalSection
	GlobalSection(ExtensibilityGlobals) = postSolution
		SolutionGuid = {4913B970-0610-47D7-9F47-5217B6183482}
	EndGlobalSection
EndGlobal
