
Microsoft Visual Studio Solution File, Format Version 12.00
# Visual Studio Version 17
VisualStudioVersion = 17.0.32014.148
MinimumVisualStudioVersion = 10.0.40219.1
Project("{FAE04EC0-301F-11D3-BF4B-00C04F79EFBC}") = "Mutlak-Kare", "Mutlak-Kare\Mutlak-Kare.csproj", "{2A7BA1B8-2935-4329-81B3-B9137D22A396}"
EndProject
Global
	GlobalSection(SolutionConfigurationPlatforms) = preSolution
		Debug|Any CPU = Debug|Any CPU
		Release|Any CPU = Release|Any CPU
	EndGlobalSection
	GlobalSection(ProjectConfigurationPlatforms) = postSolution
		{2A7BA1B8-2935-4329-81B3-B9137D22A396}.Debug|Any CPU.ActiveCfg = Debug|Any CPU
		{2A7BA1B8-2935-4329-81B3-B9137D22A396}.Debug|Any CPU.Build.0 = Debug|Any CPU
		{2A7BA1B8-2935-4329-81B3-B9137D22A396}.Release|Any CPU.ActiveCfg = Release|Any CPU
		{2A7BA1B8-2935-4329-81B3-B9137D22A396}.Release|Any CPU.Build.0 = Release|Any CPU
	EndGlobalSection
	GlobalSection(SolutionProperties) = preSolution
		HideSolutionNode = FALSE
	EndGlobalSection
	GlobalSection(ExtensibilityGlobals) = postSolution
		SolutionGuid = {2D0B48FA-4955-4AA3-9896-F2E3BE395D43}
	EndGlobalSection
EndGlobal
