
Microsoft Visual Studio Solution File, Format Version 12.00
# Visual Studio Version 17
VisualStudioVersion = 17.0.32014.148
MinimumVisualStudioVersion = 10.0.40219.1
Project("{FAE04EC0-301F-11D3-BF4B-00C04F79EFBC}") = "Csharp_homework_12", "Csharp_homework_12\Csharp_homework_12.csproj", "{7D13D68F-A3AF-4301-893C-240DE50B780F}"
EndProject
Global
	GlobalSection(SolutionConfigurationPlatforms) = preSolution
		Debug|Any CPU = Debug|Any CPU
		Release|Any CPU = Release|Any CPU
	EndGlobalSection
	GlobalSection(ProjectConfigurationPlatforms) = postSolution
		{7D13D68F-A3AF-4301-893C-240DE50B780F}.Debug|Any CPU.ActiveCfg = Debug|Any CPU
		{7D13D68F-A3AF-4301-893C-240DE50B780F}.Debug|Any CPU.Build.0 = Debug|Any CPU
		{7D13D68F-A3AF-4301-893C-240DE50B780F}.Release|Any CPU.ActiveCfg = Release|Any CPU
		{7D13D68F-A3AF-4301-893C-240DE50B780F}.Release|Any CPU.Build.0 = Release|Any CPU
	EndGlobalSection
	GlobalSection(SolutionProperties) = preSolution
		HideSolutionNode = FALSE
	EndGlobalSection
	GlobalSection(ExtensibilityGlobals) = postSolution
		SolutionGuid = {8EEC1336-47FF-4F3E-9F49-290336A9F27A}
	EndGlobalSection
EndGlobal
