
Microsoft Visual Studio Solution File, Format Version 12.00
# Visual Studio Version 17
VisualStudioVersion = 17.0.32014.148
MinimumVisualStudioVersion = 10.0.40219.1
Project("{FAE04EC0-301F-11D3-BF4B-00C04F79EFBC}") = "Csharp_homework_9", "Csharp_homework_9\Csharp_homework_9.csproj", "{5282C301-0A6D-444A-B416-3DF0F40373B2}"
EndProject
Global
	GlobalSection(SolutionConfigurationPlatforms) = preSolution
		Debug|Any CPU = Debug|Any CPU
		Release|Any CPU = Release|Any CPU
	EndGlobalSection
	GlobalSection(ProjectConfigurationPlatforms) = postSolution
		{5282C301-0A6D-444A-B416-3DF0F40373B2}.Debug|Any CPU.ActiveCfg = Debug|Any CPU
		{5282C301-0A6D-444A-B416-3DF0F40373B2}.Debug|Any CPU.Build.0 = Debug|Any CPU
		{5282C301-0A6D-444A-B416-3DF0F40373B2}.Release|Any CPU.ActiveCfg = Release|Any CPU
		{5282C301-0A6D-444A-B416-3DF0F40373B2}.Release|Any CPU.Build.0 = Release|Any CPU
	EndGlobalSection
	GlobalSection(SolutionProperties) = preSolution
		HideSolutionNode = FALSE
	EndGlobalSection
	GlobalSection(ExtensibilityGlobals) = postSolution
		SolutionGuid = {78A4C337-2C70-4734-915D-4C8412C72A90}
	EndGlobalSection
EndGlobal
